
Microsoft Visual Studio Solution File, Format Version 12.00
# Visual Studio 15
VisualStudioVersion = 15.0.28010.2050
MinimumVisualStudioVersion = 10.0.40219.1
Project("{FAE04EC0-301F-11D3-BF4B-00C04F79EFBC}") = "ChatServer", "ChatServer\ChatServer.csproj", "{EFFAEA77-2A00-413A-A80C-D2CC8BCDC03B}"
EndProject
Project("{FAE04EC0-301F-11D3-BF4B-00C04F79EFBC}") = "ChatClient", "ChatClient\ChatClient.csproj", "{368FB7CC-6F31-4BF0-B18E-DB92FAB62510}"
EndProject
Project("{FAE04EC0-301F-11D3-BF4B-00C04F79EFBC}") = "ChatLib", "ChatLib\ChatLib.csproj", "{A0D887CA-56FC-4F9E-9EB7-294D6A36B297}"
EndProject
Global
	GlobalSection(SolutionConfigurationPlatforms) = preSolution
		Debug|Any CPU = Debug|Any CPU
		Release|Any CPU = Release|Any CPU
	EndGlobalSection
	GlobalSection(ProjectConfigurationPlatforms) = postSolution
		{EFFAEA77-2A00-413A-A80C-D2CC8BCDC03B}.Debug|Any CPU.ActiveCfg = Debug|Any CPU
		{EFFAEA77-2A00-413A-A80C-D2CC8BCDC03B}.Debug|Any CPU.Build.0 = Debug|Any CPU
		{EFFAEA77-2A00-413A-A80C-D2CC8BCDC03B}.Release|Any CPU.ActiveCfg = Release|Any CPU
		{EFFAEA77-2A00-413A-A80C-D2CC8BCDC03B}.Release|Any CPU.Build.0 = Release|Any CPU
		{368FB7CC-6F31-4BF0-B18E-DB92FAB62510}.Debug|Any CPU.ActiveCfg = Debug|Any CPU
		{368FB7CC-6F31-4BF0-B18E-DB92FAB62510}.Debug|Any CPU.Build.0 = Debug|Any CPU
		{368FB7CC-6F31-4BF0-B18E-DB92FAB62510}.Release|Any CPU.ActiveCfg = Release|Any CPU
		{368FB7CC-6F31-4BF0-B18E-DB92FAB62510}.Release|Any CPU.Build.0 = Release|Any CPU
		{A0D887CA-56FC-4F9E-9EB7-294D6A36B297}.Debug|Any CPU.ActiveCfg = Debug|Any CPU
		{A0D887CA-56FC-4F9E-9EB7-294D6A36B297}.Debug|Any CPU.Build.0 = Debug|Any CPU
		{A0D887CA-56FC-4F9E-9EB7-294D6A36B297}.Release|Any CPU.ActiveCfg = Release|Any CPU
		{A0D887CA-56FC-4F9E-9EB7-294D6A36B297}.Release|Any CPU.Build.0 = Release|Any CPU
	EndGlobalSection
	GlobalSection(SolutionProperties) = preSolution
		HideSolutionNode = FALSE
	EndGlobalSection
	GlobalSection(ExtensibilityGlobals) = postSolution
		SolutionGuid = {D2364B77-D2CB-41C1-927B-A0B8961814F8}
	EndGlobalSection
EndGlobal
